
Microsoft Visual Studio Solution File, Format Version 12.00
Project("{8BC9CEB8-8B4A-11D0-8D11-00A0C91BC942}") = "Session1", "Session1\Session1.vcxproj", "{36DCC788-473E-4C79-BD62-91D3E0A9081E}"
EndProject
Global
	GlobalSection(SolutionConfigurationPlatforms) = preSolution
		Debug|Win32 = Debug|Win32
		Debug|x64 = Debug|x64
		Release|Win32 = Release|Win32
		Release|x64 = Release|x64
	EndGlobalSection
	GlobalSection(ProjectConfigurationPlatforms) = postSolution
		{36DCC788-473E-4C79-BD62-91D3E0A9081E}.Debug|Win32.ActiveCfg = Debug|Win32
		{36DCC788-473E-4C79-BD62-91D3E0A9081E}.Debug|Win32.Build.0 = Debug|Win32
		{36DCC788-473E-4C79-BD62-91D3E0A9081E}.Debug|x64.ActiveCfg = Debug|x64
		{36DCC788-473E-4C79-BD62-91D3E0A9081E}.Debug|x64.Build.0 = Debug|x64
		{36DCC788-473E-4C79-BD62-91D3E0A9081E}.Release|Win32.ActiveCfg = Release|Win32
		{36DCC788-473E-4C79-BD62-91D3E0A9081E}.Release|Win32.Build.0 = Release|Win32
		{36DCC788-473E-4C79-BD62-91D3E0A9081E}.Release|x64.ActiveCfg = Release|x64
		{36DCC788-473E-4C79-BD62-91D3E0A9081E}.Release|x64.Build.0 = Release|x64
	EndGlobalSection
EndGlobal
